<?xml version="1.0" encoding="utf-8"?>
<Project ToolsVersion="4.0" xmlns="http://schemas.microsoft.com/developer/msbuild/2003">
  <ItemGroup>
    <Filter Include="source">
      <UniqueIdentifier>{4FC737F1-C7A5-4376-A066-2A32D752A2FF}</UniqueIdentifier>
      <Extensions>cpp;c;cc;cxx;c++;cppm;ixx;def;odl;idl;hpj;bat;asm;asmx</Extensions>
    </Filter>
    <Filter Include="include">
      <UniqueIdentifier>{93995380-89BD-4b04-88EB-625FBE52EBFB}</UniqueIdentifier>
      <Extensions>h;hh;hpp;hxx;h++;hm;inl;inc;ipp;xsd</Extensions>
    </Filter>
    <Filter Include="include\RE">
      <UniqueIdentifier>{91f0a462-4d18-4519-95ff-712e4d2d85fe}</UniqueIdentifier>
    </Filter>
    <Filter Include="include\RE\H">
      <UniqueIdentifier>{e700db73-d1f7-4a37-855b-afbd24564199}</UniqueIdentifier>
    </Filter>
  </ItemGroup>
  <ItemGroup>
    <ClCompile Include="source\main.cpp">
      <Filter>source</Filter>
    </ClCompile>
    <ClCompile Include="source\pch.cpp">
      <Filter>source</Filter>
    </ClCompile>
    <ClCompile Include="source\Logger.cpp">
      <Filter>source</Filter>
    </ClCompile>
  </ItemGroup>
  <ItemGroup>
    <ClInclude Include="include\pch.h">
      <Filter>include</Filter>
    </ClInclude>
    <ClInclude Include="include\Logger.h">
      <Filter>include</Filter>
    </ClInclude>
    <ClInclude Include="include\Offsets.h">
      <Filter>include</Filter>
    </ClInclude>
    <ClInclude Include="include\RE\H\hkbClipGenerator.h">
      <Filter>include\RE\H</Filter>
    </ClInclude>
    <ClInclude Include="include\RE\H\hkbContext.h">
      <Filter>include\RE\H</Filter>
    </ClInclude>
    <ClInclude Include="include\Hook.h">
      <Filter>include</Filter>
    </ClInclude>
    <ClInclude Include="include\RE\H\hkaAnimationBinding.h">
      <Filter>include\RE\H</Filter>
    </ClInclude>
    <ClInclude Include="include\RE\H\hkaDefaultAnimationControl.h">
      <Filter>include\RE\H</Filter>
    </ClInclude>
    <ClInclude Include="include\RE\H\hkaSplineCompressedAnimation.h">
      <Filter>include\RE\H</Filter>
    </ClInclude>
    <ClInclude Include="include\RE\H\hkaAnimationControl.h">
      <Filter>include\RE\H</Filter>
    </ClInclude>
    <ClInclude Include="..\..\..\..\..\Visual Studio\SSE\MyPlugins\DynamicMotionReplacer\include\RE\H\hkaAnimation.h">
      <Filter>include\RE\H</Filter>
    </ClInclude>
    <ClInclude Include="include\RE\H\hkaAnnotationTrack.h">
      <Filter>include\RE\H</Filter>
    </ClInclude>
  </ItemGroup>
</Project>